{
  "version": 1,
  "dependencies": {
    ".NETCoreApp,Version=v3.0": {
      "EmbedIO": {
        "type": "Direct",
        "requested": "[3.1.3, )",
        "resolved": "3.1.3",
        "contentHash": "WVq4oOmXLkfM+iLeL3FPmFRyLCwnp/WnYiToDRdB/6QgJ55LceAEDcPC/eOVEiPhQgGSxLnt8KKUFmG/ZDsb+A==",
        "dependencies": {
          "Unosquare.Swan.Lite": "2.4.2"
        }
      },
      "System.Linq.Dynamic.Core": {
        "type": "Transitive",
        "resolved": "1.0.19",
        "contentHash": "GFYslLz/1ZZ0+gbqYED2zlD0H95BIK4hOpIcEEEfTDDXAcKE5vpXQQseOGduNVjcJZOF3Wx+4npa2EjdFpuDgA=="
      },
      "Unosquare.Swan.Lite": {
        "type": "Transitive",
        "resolved": "2.4.2",
        "contentHash": "xSUvuaYz6KlypJYCUU5mMEoC2R4jogMMZ/7JG+0HQIEZn5OUk8PQ0UFWDBkje8+BlOLdoxvbhGCEAbtsE/W7TA=="
      },
      "unosquare.tubular": {
        "type": "Project",
        "dependencies": {
          "System.Linq.Dynamic.Core": "1.0.19"
        }
      }
    }
  }
}